{
  "name": "adv-koa-router",
  "version": "1.0.1",
  "lockfileVersion": 1,
  "requires": true,
  "dependencies": {
    "alex-async-fs": {
      "version": "git+https://github.com/alexozornin/alex-async-fs.git#74c8d04e9f5503eea79e3b13925022dbfeae588b",
      "from": "git+https://github.com/alexozornin/alex-async-fs.git"
    }
  }
}
